
Microsoft Visual Studio Solution File, Format Version 12.00
Project("{FAE04EC0-301F-11D3-BF4B-00C04F79EFBC}") = "Tutorial9", "Tutorial9\Tutorial9.csproj", "{5F0B305E-76CE-4825-8231-C92FAFE8731A}"
EndProject
Global
	GlobalSection(SolutionConfigurationPlatforms) = preSolution
		Debug|Any CPU = Debug|Any CPU
		Release|Any CPU = Release|Any CPU
	EndGlobalSection
	GlobalSection(ProjectConfigurationPlatforms) = postSolution
		{5F0B305E-76CE-4825-8231-C92FAFE8731A}.Debug|Any CPU.ActiveCfg = Debug|Any CPU
		{5F0B305E-76CE-4825-8231-C92FAFE8731A}.Debug|Any CPU.Build.0 = Debug|Any CPU
		{5F0B305E-76CE-4825-8231-C92FAFE8731A}.Release|Any CPU.ActiveCfg = Release|Any CPU
		{5F0B305E-76CE-4825-8231-C92FAFE8731A}.Release|Any CPU.Build.0 = Release|Any CPU
	EndGlobalSection
EndGlobal
