
Microsoft Visual Studio Solution File, Format Version 12.00
Project("{FAE04EC0-301F-11D3-BF4B-00C04F79EFBC}") = "Tutorial8", "Tutorial8\Tutorial8.csproj", "{F3E14084-65E2-4F84-BF91-F0D094B19311}"
EndProject
Global
	GlobalSection(SolutionConfigurationPlatforms) = preSolution
		Debug|Any CPU = Debug|Any CPU
		Release|Any CPU = Release|Any CPU
	EndGlobalSection
	GlobalSection(ProjectConfigurationPlatforms) = postSolution
		{F3E14084-65E2-4F84-BF91-F0D094B19311}.Debug|Any CPU.ActiveCfg = Debug|Any CPU
		{F3E14084-65E2-4F84-BF91-F0D094B19311}.Debug|Any CPU.Build.0 = Debug|Any CPU
		{F3E14084-65E2-4F84-BF91-F0D094B19311}.Release|Any CPU.ActiveCfg = Release|Any CPU
		{F3E14084-65E2-4F84-BF91-F0D094B19311}.Release|Any CPU.Build.0 = Release|Any CPU
	EndGlobalSection
EndGlobal
